<?xml version="1.0" encoding="utf-8"?>
<Project ToolsVersion="4.0" xmlns="http://schemas.microsoft.com/developer/msbuild/2003">
  <ItemGroup>
    <Filter Include="Source Files">
      <UniqueIdentifier>{4FC737F1-C7A5-4376-A066-2A32D752A2FF}</UniqueIdentifier>
      <Extensions>cpp;c;cc;cxx;c++;cppm;ixx;def;odl;idl;hpj;bat;asm;asmx</Extensions>
    </Filter>
    <Filter Include="Header Files">
      <UniqueIdentifier>{93995380-89BD-4b04-88EB-625FBE52EBFB}</UniqueIdentifier>
      <Extensions>h;hh;hpp;hxx;h++;hm;inl;inc;ipp;xsd</Extensions>
    </Filter>
    <Filter Include="Scenes">
      <UniqueIdentifier>{5820a749-313c-45a8-962b-8d68597366ec}</UniqueIdentifier>
    </Filter>
    <Filter Include="PlayerStates">
      <UniqueIdentifier>{9fa8df23-7648-441a-8957-19ccb4015758}</UniqueIdentifier>
    </Filter>
    <Filter Include="MapReader">
      <UniqueIdentifier>{d888c2fe-84f2-4bfd-800f-5cba81aa9736}</UniqueIdentifier>
    </Filter>
    <Filter Include="Intro">
      <UniqueIdentifier>{11838784-918f-426d-a35e-475775707bb1}</UniqueIdentifier>
    </Filter>
    <Filter Include="MapObjects">
      <UniqueIdentifier>{4131ad14-8436-472f-8822-c9861e6cb193}</UniqueIdentifier>
    </Filter>
    <Filter Include="Views">
      <UniqueIdentifier>{8aa0bb06-73d7-4300-9d95-4336178e8834}</UniqueIdentifier>
    </Filter>
    <Filter Include="Ending">
      <UniqueIdentifier>{2bc09906-f76e-4319-8803-9fb3a3322647}</UniqueIdentifier>
    </Filter>
  </ItemGroup>
  <ItemGroup>
    <ClCompile Include="WinMain.cpp">
      <Filter>Source Files</Filter>
    </ClCompile>
    <ClCompile Include="Game.cpp">
      <Filter>Source Files</Filter>
    </ClCompile>
    <ClCompile Include="GameGlobal.cpp">
      <Filter>Source Files</Filter>
    </ClCompile>
    <ClCompile Include="GameTime.cpp">
      <Filter>Source Files</Filter>
    </ClCompile>
    <ClCompile Include="Sprite.cpp">
      <Filter>Source Files</Filter>
    </ClCompile>
    <ClCompile Include="Scene.cpp">
      <Filter>Source Files</Filter>
    </ClCompile>
    <ClCompile Include="SceneManager.cpp">
      <Filter>Source Files</Filter>
    </ClCompile>
    <ClCompile Include="Scenes\FirstScene.cpp">
      <Filter>Scenes</Filter>
    </ClCompile>
    <ClCompile Include="Animation.cpp">
      <Filter>Source Files</Filter>
    </ClCompile>
    <ClCompile Include="Map.cpp">
      <Filter>Source Files</Filter>
    </ClCompile>
    <ClCompile Include="Camera.cpp">
      <Filter>Source Files</Filter>
    </ClCompile>
    <ClCompile Include="Entity.cpp">
      <Filter>Source Files</Filter>
    </ClCompile>
    <ClCompile Include="Player.cpp">
      <Filter>Source Files</Filter>
    </ClCompile>
    <ClCompile Include="PlayerState.cpp">
      <Filter>Source Files</Filter>
    </ClCompile>
    <ClCompile Include="PlayerData.cpp">
      <Filter>Source Files</Filter>
    </ClCompile>
    <ClCompile Include="PlayerStates\PlayerRunningState.cpp">
      <Filter>PlayerStates</Filter>
    </ClCompile>
    <ClCompile Include="PlayerStates\PlayerJumpingState.cpp">
      <Filter>PlayerStates</Filter>
    </ClCompile>
    <ClCompile Include="PlayerStates\PlayerFallingState.cpp">
      <Filter>PlayerStates</Filter>
    </ClCompile>
    <ClCompile Include="PlayerStates\PlayerStandingState.cpp">
      <Filter>PlayerStates</Filter>
    </ClCompile>
    <ClCompile Include="PlayerStates\PlayerAttackingState.cpp">
      <Filter>PlayerStates</Filter>
    </ClCompile>
    <ClCompile Include="MapReader\base64.cpp">
      <Filter>MapReader</Filter>
    </ClCompile>
    <ClCompile Include="MapReader\miniz.c">
      <Filter>MapReader</Filter>
    </ClCompile>
    <ClCompile Include="MapReader\tinyxml2.cpp">
      <Filter>MapReader</Filter>
    </ClCompile>
    <ClCompile Include="MapReader\TmxEllipse.cpp">
      <Filter>MapReader</Filter>
    </ClCompile>
    <ClCompile Include="MapReader\TmxImage.cpp">
      <Filter>MapReader</Filter>
    </ClCompile>
    <ClCompile Include="MapReader\TmxImageLayer.cpp">
      <Filter>MapReader</Filter>
    </ClCompile>
    <ClCompile Include="MapReader\TmxLayer.cpp">
      <Filter>MapReader</Filter>
    </ClCompile>
    <ClCompile Include="MapReader\TmxMap.cpp">
      <Filter>MapReader</Filter>
    </ClCompile>
    <ClCompile Include="MapReader\TmxObject.cpp">
      <Filter>MapReader</Filter>
    </ClCompile>
    <ClCompile Include="MapReader\TmxObjectGroup.cpp">
      <Filter>MapReader</Filter>
    </ClCompile>
    <ClCompile Include="MapReader\TmxPolygon.cpp">
      <Filter>MapReader</Filter>
    </ClCompile>
    <ClCompile Include="MapReader\TmxPolyline.cpp">
      <Filter>MapReader</Filter>
    </ClCompile>
    <ClCompile Include="MapReader\TmxPropertySet.cpp">
      <Filter>MapReader</Filter>
    </ClCompile>
    <ClCompile Include="MapReader\TmxTerrain.cpp">
      <Filter>MapReader</Filter>
    </ClCompile>
    <ClCompile Include="MapReader\TmxTerrainArray.cpp">
      <Filter>MapReader</Filter>
    </ClCompile>
    <ClCompile Include="MapReader\TmxTile.cpp">
      <Filter>MapReader</Filter>
    </ClCompile>
    <ClCompile Include="MapReader\TmxTileLayer.cpp">
      <Filter>MapReader</Filter>
    </ClCompile>
    <ClCompile Include="MapReader\TmxTileOffset.cpp">
      <Filter>MapReader</Filter>
    </ClCompile>
    <ClCompile Include="MapReader\TmxTileset.cpp">
      <Filter>MapReader</Filter>
    </ClCompile>
    <ClCompile Include="MapReader\TmxUtil.cpp">
      <Filter>MapReader</Filter>
    </ClCompile>
    <ClCompile Include="Collision.cpp">
      <Filter>Source Files</Filter>
    </ClCompile>
    <ClCompile Include="QuadTree.cpp">
      <Filter>Source Files</Filter>
    </ClCompile>
    <ClCompile Include="PlayerStates\PlayerAttackRuningState.cpp">
      <Filter>PlayerStates</Filter>
    </ClCompile>
    <ClCompile Include="MapObjects\Bullet.cpp">
      <Filter>MapObjects</Filter>
    </ClCompile>
    <ClCompile Include="PlayerStates\PlayerAttacking90State.cpp">
      <Filter>PlayerStates</Filter>
    </ClCompile>
    <ClCompile Include="PlayerStates\PlayerAttack90RunningState.cpp">
      <Filter>PlayerStates</Filter>
    </ClCompile>
    <ClCompile Include="MapObjects\Enemy.cpp">
      <Filter>MapObjects</Filter>
    </ClCompile>
    <ClCompile Include="MapObjects\Worm.cpp">
      <Filter>MapObjects</Filter>
    </ClCompile>
    <ClCompile Include="MapObjects\Floater.cpp">
      <Filter>MapObjects</Filter>
    </ClCompile>
    <ClCompile Include="MapObjects\Dome.cpp">
      <Filter>MapObjects</Filter>
    </ClCompile>
    <ClCompile Include="MapObjects\BulletFloater.cpp">
      <Filter>MapObjects</Filter>
    </ClCompile>
    <ClCompile Include="MapObjects\Orb.cpp">
      <Filter>MapObjects</Filter>
    </ClCompile>
    <ClCompile Include="MapObjects\Skull.cpp">
      <Filter>MapObjects</Filter>
    </ClCompile>
    <ClCompile Include="MapObjects\Insect.cpp">
      <Filter>MapObjects</Filter>
    </ClCompile>
    <ClCompile Include="MapObjects\Jumper.cpp">
      <Filter>MapObjects</Filter>
    </ClCompile>
    <ClCompile Include="MapObjects\BulletSkull.cpp">
      <Filter>MapObjects</Filter>
    </ClCompile>
    <ClCompile Include="MapObjects\Mine.cpp">
      <Filter>MapObjects</Filter>
    </ClCompile>
    <ClCompile Include="PlayerStates\PlayerInjuringState.cpp">
      <Filter>PlayerStates</Filter>
    </ClCompile>
    <ClCompile Include="PlayerStates\PlayerClimbingState.cpp">
      <Filter>PlayerStates</Filter>
    </ClCompile>
    <ClCompile Include="Scenes\SecondScene.cpp">
      <Filter>Scenes</Filter>
    </ClCompile>
    <ClCompile Include="PlayerOverhead.cpp">
      <Filter>Source Files</Filter>
    </ClCompile>
    <ClCompile Include="PlayerStates\PlayerStandingOverheadState.cpp">
      <Filter>PlayerStates</Filter>
    </ClCompile>
    <ClCompile Include="PlayerStates\PlayerRunningOverheadState.cpp">
      <Filter>PlayerStates</Filter>
    </ClCompile>
    <ClCompile Include="PlayerStates\PlayerRunningDownOverheadState.cpp">
      <Filter>PlayerStates</Filter>
    </ClCompile>
    <ClCompile Include="PlayerStates\PlayerRunningUpOverheadState.cpp">
      <Filter>PlayerStates</Filter>
    </ClCompile>
    <ClCompile Include="PlayerStates\PlayerStandingUpOverheadState.cpp">
      <Filter>PlayerStates</Filter>
    </ClCompile>
    <ClCompile Include="PlayerStates\PlayerStandingDownOverheadState.cpp">
      <Filter>PlayerStates</Filter>
    </ClCompile>
    <ClCompile Include="MapObjects\BulletOverhead.cpp">
      <Filter>MapObjects</Filter>
    </ClCompile>
    <ClCompile Include="MapObjects\BulletCannon.cpp">
      <Filter>MapObjects</Filter>
    </ClCompile>
    <ClCompile Include="MapObjects\Cannon.cpp">
      <Filter>MapObjects</Filter>
    </ClCompile>
    <ClCompile Include="MapObjects\Teleporter.cpp">
      <Filter>MapObjects</Filter>
    </ClCompile>
    <ClCompile Include="PlayerStates\PlayerInjuringOverheadState.cpp">
      <Filter>PlayerStates</Filter>
    </ClCompile>
    <ClCompile Include="PlayerStates\PlayerInjuringUpOverheadState.cpp">
      <Filter>PlayerStates</Filter>
    </ClCompile>
    <ClCompile Include="PlayerStates\PlayerInjuringDownOverheadState.cpp">
      <Filter>PlayerStates</Filter>
    </ClCompile>
    <ClCompile Include="MapObjects\ItemCollection.cpp">
      <Filter>MapObjects</Filter>
    </ClCompile>
    <ClCompile Include="Scenes\ThirdScene.cpp">
      <Filter>Scenes</Filter>
    </ClCompile>
    <ClCompile Include="MapObjects\Eyeball.cpp">
      <Filter>MapObjects</Filter>
    </ClCompile>
    <ClCompile Include="MapObjects\BulletEyeball.cpp">
      <Filter>MapObjects</Filter>
    </ClCompile>
    <ClCompile Include="PlayerStates\PlayerInjuringJumpState.cpp">
      <Filter>PlayerStates</Filter>
    </ClCompile>
    <ClCompile Include="PlayerStates\PlayerFlippingState.cpp">
      <Filter>PlayerStates</Filter>
    </ClCompile>
    <ClCompile Include="Intro\IntroScene.cpp">
      <Filter>Intro</Filter>
    </ClCompile>
    <ClCompile Include="Intro\SophiaAnimation.cpp">
      <Filter>Intro</Filter>
    </ClCompile>
    <ClCompile Include="Intro\TitleAnimation.cpp">
      <Filter>Intro</Filter>
    </ClCompile>
    <ClCompile Include="Intro\IntroAnimation.cpp">
      <Filter>Intro</Filter>
    </ClCompile>
    <ClCompile Include="GameSound.cpp">
      <Filter>Source Files</Filter>
    </ClCompile>
    <ClCompile Include="Views\Menu.cpp">
      <Filter>Views</Filter>
    </ClCompile>
    <ClCompile Include="MapObjects\RocketBullet.cpp">
      <Filter>MapObjects</Filter>
    </ClCompile>
    <ClCompile Include="MapObjects\ThunderBullet.cpp">
      <Filter>MapObjects</Filter>
    </ClCompile>
    <ClCompile Include="MapObjects\MissileBullet.cpp">
      <Filter>MapObjects</Filter>
    </ClCompile>
    <ClCompile Include="MapObjects\Rock.cpp">
      <Filter>MapObjects</Filter>
    </ClCompile>
    <ClCompile Include="MapObjects\Boss.cpp">
      <Filter>MapObjects</Filter>
    </ClCompile>
    <ClCompile Include="MapObjects\BulletBoss.cpp">
      <Filter>MapObjects</Filter>
    </ClCompile>
    <ClCompile Include="MapObjects\BossHand.cpp">
      <Filter>MapObjects</Filter>
    </ClCompile>
    <ClCompile Include="Ending\MountainAnimation.cpp">
      <Filter>Ending</Filter>
    </ClCompile>
    <ClCompile Include="Ending\DestroyAnimation.cpp">
      <Filter>Ending</Filter>
    </ClCompile>
    <ClCompile Include="Ending\EndingScene.cpp">
      <Filter>Ending</Filter>
    </ClCompile>
  </ItemGroup>
  <ItemGroup>
    <ClInclude Include="Game.h">
      <Filter>Header Files</Filter>
    </ClInclude>
    <ClInclude Include="GameGlobal.h">
      <Filter>Header Files</Filter>
    </ClInclude>
    <ClInclude Include="GameTime.h">
      <Filter>Header Files</Filter>
    </ClInclude>
    <ClInclude Include="Sprite.h">
      <Filter>Header Files</Filter>
    </ClInclude>
    <ClInclude Include="Scene.h">
      <Filter>Header Files</Filter>
    </ClInclude>
    <ClInclude Include="SceneManager.h">
      <Filter>Header Files</Filter>
    </ClInclude>
    <ClInclude Include="Scenes\FirstScene.h">
      <Filter>Scenes</Filter>
    </ClInclude>
    <ClInclude Include="Animation.h">
      <Filter>Header Files</Filter>
    </ClInclude>
    <ClInclude Include="Map.h">
      <Filter>Header Files</Filter>
    </ClInclude>
    <ClInclude Include="Camera.h">
      <Filter>Header Files</Filter>
    </ClInclude>
    <ClInclude Include="Entity.h">
      <Filter>Header Files</Filter>
    </ClInclude>
    <ClInclude Include="Player.h">
      <Filter>Header Files</Filter>
    </ClInclude>
    <ClInclude Include="PlayerState.h">
      <Filter>Header Files</Filter>
    </ClInclude>
    <ClInclude Include="PlayerData.h">
      <Filter>Header Files</Filter>
    </ClInclude>
    <ClInclude Include="PlayerStates\PlayerJumpingState.h">
      <Filter>PlayerStates</Filter>
    </ClInclude>
    <ClInclude Include="PlayerStates\PlayerRunningState.h">
      <Filter>PlayerStates</Filter>
    </ClInclude>
    <ClInclude Include="GameDefines.h">
      <Filter>Header Files</Filter>
    </ClInclude>
    <ClInclude Include="PlayerStates\PlayerFallingState.h">
      <Filter>PlayerStates</Filter>
    </ClInclude>
    <ClInclude Include="PlayerStates\PlayerStandingState.h">
      <Filter>PlayerStates</Filter>
    </ClInclude>
    <ClInclude Include="PlayerStates\PlayerAttackingState.h">
      <Filter>PlayerStates</Filter>
    </ClInclude>
    <ClInclude Include="MapReader\base64.h">
      <Filter>MapReader</Filter>
    </ClInclude>
    <ClInclude Include="MapReader\tinyxml2.h">
      <Filter>MapReader</Filter>
    </ClInclude>
    <ClInclude Include="MapReader\TmxEllipse.h">
      <Filter>MapReader</Filter>
    </ClInclude>
    <ClInclude Include="MapReader\TmxImage.h">
      <Filter>MapReader</Filter>
    </ClInclude>
    <ClInclude Include="MapReader\TmxImageLayer.h">
      <Filter>MapReader</Filter>
    </ClInclude>
    <ClInclude Include="MapReader\TmxLayer.h">
      <Filter>MapReader</Filter>
    </ClInclude>
    <ClInclude Include="MapReader\TmxMap.h">
      <Filter>MapReader</Filter>
    </ClInclude>
    <ClInclude Include="MapReader\TmxMapTile.h">
      <Filter>MapReader</Filter>
    </ClInclude>
    <ClInclude Include="MapReader\TmxObject.h">
      <Filter>MapReader</Filter>
    </ClInclude>
    <ClInclude Include="MapReader\TmxObjectGroup.h">
      <Filter>MapReader</Filter>
    </ClInclude>
    <ClInclude Include="MapReader\TmxPoint.h">
      <Filter>MapReader</Filter>
    </ClInclude>
    <ClInclude Include="MapReader\TmxPolygon.h">
      <Filter>MapReader</Filter>
    </ClInclude>
    <ClInclude Include="MapReader\TmxPolyline.h">
      <Filter>MapReader</Filter>
    </ClInclude>
    <ClInclude Include="MapReader\TmxPropertySet.h">
      <Filter>MapReader</Filter>
    </ClInclude>
    <ClInclude Include="MapReader\TmxTerrain.h">
      <Filter>MapReader</Filter>
    </ClInclude>
    <ClInclude Include="MapReader\TmxTerrainArray.h">
      <Filter>MapReader</Filter>
    </ClInclude>
    <ClInclude Include="MapReader\TmxTile.h">
      <Filter>MapReader</Filter>
    </ClInclude>
    <ClInclude Include="MapReader\TmxTileLayer.h">
      <Filter>MapReader</Filter>
    </ClInclude>
    <ClInclude Include="MapReader\TmxTileOffset.h">
      <Filter>MapReader</Filter>
    </ClInclude>
    <ClInclude Include="MapReader\TmxTileset.h">
      <Filter>MapReader</Filter>
    </ClInclude>
    <ClInclude Include="MapReader\TmxUtil.h">
      <Filter>MapReader</Filter>
    </ClInclude>
    <ClInclude Include="MapReader\zconf.h">
      <Filter>MapReader</Filter>
    </ClInclude>
    <ClInclude Include="MapReader\zlib.h">
      <Filter>MapReader</Filter>
    </ClInclude>
    <ClInclude Include="Collision.h">
      <Filter>Header Files</Filter>
    </ClInclude>
    <ClInclude Include="QuadTree.h">
      <Filter>Header Files</Filter>
    </ClInclude>
    <ClInclude Include="PlayerStates\PlayerAttackRuningState.h">
      <Filter>PlayerStates</Filter>
    </ClInclude>
    <ClInclude Include="MapObjects\Bullet.h">
      <Filter>MapObjects</Filter>
    </ClInclude>
    <ClInclude Include="PlayerStates\PlayerAttacking90State.h">
      <Filter>PlayerStates</Filter>
    </ClInclude>
    <ClInclude Include="PlayerStates\PlayerAttack90RunningState.h">
      <Filter>PlayerStates</Filter>
    </ClInclude>
    <ClInclude Include="MapObjects\Enemy.h">
      <Filter>MapObjects</Filter>
    </ClInclude>
    <ClInclude Include="MapObjects\Worm.h">
      <Filter>MapObjects</Filter>
    </ClInclude>
    <ClInclude Include="MapObjects\Dome.h">
      <Filter>MapObjects</Filter>
    </ClInclude>
    <ClInclude Include="MapObjects\Floater.h">
      <Filter>MapObjects</Filter>
    </ClInclude>
    <ClInclude Include="MapObjects\BulletFloater.h">
      <Filter>MapObjects</Filter>
    </ClInclude>
    <ClInclude Include="MapObjects\Jumper.h">
      <Filter>MapObjects</Filter>
    </ClInclude>
    <ClInclude Include="MapObjects\Orb.h">
      <Filter>MapObjects</Filter>
    </ClInclude>
    <ClInclude Include="MapObjects\Skull.h">
      <Filter>MapObjects</Filter>
    </ClInclude>
    <ClInclude Include="MapObjects\Insect.h">
      <Filter>MapObjects</Filter>
    </ClInclude>
    <ClInclude Include="MapObjects\BulletSkull.h">
      <Filter>MapObjects</Filter>
    </ClInclude>
    <ClInclude Include="MapObjects\Mine.h">
      <Filter>MapObjects</Filter>
    </ClInclude>
    <ClInclude Include="PlayerStates\PlayerInjuringState.h">
      <Filter>PlayerStates</Filter>
    </ClInclude>
    <ClInclude Include="PlayerStates\PlayerClimbingState.h">
      <Filter>PlayerStates</Filter>
    </ClInclude>
    <ClInclude Include="Scenes\SecondScene.h">
      <Filter>Scenes</Filter>
    </ClInclude>
    <ClInclude Include="PlayerOverhead.h">
      <Filter>Header Files</Filter>
    </ClInclude>
    <ClInclude Include="PlayerStates\PlayerRunningOverheadState.h">
      <Filter>PlayerStates</Filter>
    </ClInclude>
    <ClInclude Include="PlayerStates\PlayerStandingOverheadState.h">
      <Filter>PlayerStates</Filter>
    </ClInclude>
    <ClInclude Include="PlayerStates\PlayerRunningDownOverheadState.h">
      <Filter>PlayerStates</Filter>
    </ClInclude>
    <ClInclude Include="PlayerStates\PlayerRunningUpOverheadState.h">
      <Filter>PlayerStates</Filter>
    </ClInclude>
    <ClInclude Include="PlayerStates\PlayerStandingDownOverheadState.h">
      <Filter>PlayerStates</Filter>
    </ClInclude>
    <ClInclude Include="PlayerStates\PlayerStandingUpOverheadState.h">
      <Filter>PlayerStates</Filter>
    </ClInclude>
    <ClInclude Include="MapObjects\BulletOverhead.h">
      <Filter>MapObjects</Filter>
    </ClInclude>
    <ClInclude Include="MapObjects\Teleporter.h">
      <Filter>MapObjects</Filter>
    </ClInclude>
    <ClInclude Include="MapObjects\BulletCannon.h">
      <Filter>MapObjects</Filter>
    </ClInclude>
    <ClInclude Include="MapObjects\Cannon.h">
      <Filter>MapObjects</Filter>
    </ClInclude>
    <ClInclude Include="PlayerStates\PlayerInjuringDownOverheadState.h">
      <Filter>PlayerStates</Filter>
    </ClInclude>
    <ClInclude Include="PlayerStates\PlayerInjuringOverheadState.h">
      <Filter>PlayerStates</Filter>
    </ClInclude>
    <ClInclude Include="PlayerStates\PlayerInjuringUpOverheadState.h">
      <Filter>PlayerStates</Filter>
    </ClInclude>
    <ClInclude Include="MapObjects\ItemCollection.h">
      <Filter>MapObjects</Filter>
    </ClInclude>
    <ClInclude Include="Scenes\ThirdScene.h">
      <Filter>Scenes</Filter>
    </ClInclude>
    <ClInclude Include="MapObjects\Eyeball.h">
      <Filter>MapObjects</Filter>
    </ClInclude>
    <ClInclude Include="MapObjects\BulletEyeball.h">
      <Filter>MapObjects</Filter>
    </ClInclude>
    <ClInclude Include="PlayerStates\PlayerInjuringJumpState.h">
      <Filter>PlayerStates</Filter>
    </ClInclude>
    <ClInclude Include="PlayerStates\PlayerFlippingState.h">
      <Filter>PlayerStates</Filter>
    </ClInclude>
    <ClInclude Include="Intro\IntroScene.h">
      <Filter>Intro</Filter>
    </ClInclude>
    <ClInclude Include="Intro\IntroAnimation.h">
      <Filter>Intro</Filter>
    </ClInclude>
    <ClInclude Include="Intro\SophiaAnimation.h">
      <Filter>Intro</Filter>
    </ClInclude>
    <ClInclude Include="Intro\TitleAnimation.h">
      <Filter>Intro</Filter>
    </ClInclude>
    <ClInclude Include="GameSound.h">
      <Filter>Header Files</Filter>
    </ClInclude>
    <ClInclude Include="Views\Menu.h">
      <Filter>Views</Filter>
    </ClInclude>
    <ClInclude Include="MapObjects\RocketBullet.h">
      <Filter>MapObjects</Filter>
    </ClInclude>
    <ClInclude Include="MapObjects\ThunderBullet.h">
      <Filter>MapObjects</Filter>
    </ClInclude>
    <ClInclude Include="MapObjects\MissileBullet.h">
      <Filter>MapObjects</Filter>
    </ClInclude>
    <ClInclude Include="MapObjects\Rock.h">
      <Filter>MapObjects</Filter>
    </ClInclude>
    <ClInclude Include="MapObjects\Boss.h">
      <Filter>MapObjects</Filter>
    </ClInclude>
    <ClInclude Include="MapObjects\BulletBoss.h">
      <Filter>MapObjects</Filter>
    </ClInclude>
    <ClInclude Include="MapObjects\BossHand.h">
      <Filter>MapObjects</Filter>
    </ClInclude>
    <ClInclude Include="Ending\EndingScene.h">
      <Filter>Ending</Filter>
    </ClInclude>
    <ClInclude Include="Ending\MountainAnimation.h">
      <Filter>Ending</Filter>
    </ClInclude>
    <ClInclude Include="Ending\DestroyAnimation.h">
      <Filter>Ending</Filter>
    </ClInclude>
  </ItemGroup>
  <ItemGroup>
    <None Include="MapReader\Tmx.h.in">
      <Filter>MapReader</Filter>
    </None>
  </ItemGroup>
</Project>